
Microsoft Visual Studio Solution File, Format Version 12.00
# Visual Studio 15
VisualStudioVersion = 15.0.28307.489
MinimumVisualStudioVersion = 10.0.40219.1
Project("{FAE04EC0-301F-11D3-BF4B-00C04F79EFBC}") = "HuntTheWumpus", "HuntTheWumpus\HuntTheWumpus.csproj", "{08B8CBA4-F358-4872-96B3-F75653EA141D}"
EndProject
Global
	GlobalSection(SolutionConfigurationPlatforms) = preSolution
		Debug|Any CPU = Debug|Any CPU
		Release|Any CPU = Release|Any CPU
	EndGlobalSection
	GlobalSection(ProjectConfigurationPlatforms) = postSolution
		{08B8CBA4-F358-4872-96B3-F75653EA141D}.Debug|Any CPU.ActiveCfg = Debug|Any CPU
		{08B8CBA4-F358-4872-96B3-F75653EA141D}.Debug|Any CPU.Build.0 = Debug|Any CPU
		{08B8CBA4-F358-4872-96B3-F75653EA141D}.Release|Any CPU.ActiveCfg = Release|Any CPU
		{08B8CBA4-F358-4872-96B3-F75653EA141D}.Release|Any CPU.Build.0 = Release|Any CPU
	EndGlobalSection
	GlobalSection(SolutionProperties) = preSolution
		HideSolutionNode = FALSE
	EndGlobalSection
	GlobalSection(ExtensibilityGlobals) = postSolution
		SolutionGuid = {311EB8CA-55A8-4863-96BD-1C59E8F43878}
	EndGlobalSection
EndGlobal
