
Microsoft Visual Studio Solution File, Format Version 12.00
# Visual Studio 15
VisualStudioVersion = 15.0.28307.489
MinimumVisualStudioVersion = 10.0.40219.1
Project("{FAE04EC0-301F-11D3-BF4B-00C04F79EFBC}") = "HuntTheWumpus", "HuntTheWumpus.csproj", "{4C15B673-6F56-4F13-9C34-B22934DCAF91}"
EndProject
Global
	GlobalSection(SolutionConfigurationPlatforms) = preSolution
		Debug|Any CPU = Debug|Any CPU
		Release|Any CPU = Release|Any CPU
	EndGlobalSection
	GlobalSection(ProjectConfigurationPlatforms) = postSolution
		{4C15B673-6F56-4F13-9C34-B22934DCAF91}.Debug|Any CPU.ActiveCfg = Debug|Any CPU
		{4C15B673-6F56-4F13-9C34-B22934DCAF91}.Debug|Any CPU.Build.0 = Debug|Any CPU
		{4C15B673-6F56-4F13-9C34-B22934DCAF91}.Release|Any CPU.ActiveCfg = Release|Any CPU
		{4C15B673-6F56-4F13-9C34-B22934DCAF91}.Release|Any CPU.Build.0 = Release|Any CPU
	EndGlobalSection
	GlobalSection(SolutionProperties) = preSolution
		HideSolutionNode = FALSE
	EndGlobalSection
	GlobalSection(ExtensibilityGlobals) = postSolution
		SolutionGuid = {7B00382C-4C6E-4624-BBD7-6AC474305C4C}
	EndGlobalSection
EndGlobal
